
Microsoft Visual Studio Solution File, Format Version 12.00
# Visual Studio Version 17
VisualStudioVersion = 17.9.34902.65
MinimumVisualStudioVersion = 10.0.40219.1
Project("{9A19103F-16F7-4668-BE54-9A1E7A4F7556}") = "Back", "Back\Back.csproj", "{160F560A-0ADE-4CE9-AE59-B0C28CF757BA}"
EndProject
Project("{9A19103F-16F7-4668-BE54-9A1E7A4F7556}") = "Front", "Front\Front.csproj", "{5B1738FD-4D02-42B9-9245-61F979629166}"
EndProject
Project("{9A19103F-16F7-4668-BE54-9A1E7A4F7556}") = "BackTests", "BackTests\BackTests.csproj", "{68833A93-08E0-4BBC-A039-9A10E1C0939E}"
EndProject
Project("{FAE04EC0-301F-11D3-BF4B-00C04F79EFBC}") = "WebApplication1", "WebApplication1\WebApplication1.csproj", "{82867E65-B608-4895-B921-972F894995B3}"
EndProject
Global
	GlobalSection(SolutionConfigurationPlatforms) = preSolution
		Debug|Any CPU = Debug|Any CPU
		Release|Any CPU = Release|Any CPU
	EndGlobalSection
	GlobalSection(ProjectConfigurationPlatforms) = postSolution
		{160F560A-0ADE-4CE9-AE59-B0C28CF757BA}.Debug|Any CPU.ActiveCfg = Debug|Any CPU
		{160F560A-0ADE-4CE9-AE59-B0C28CF757BA}.Debug|Any CPU.Build.0 = Debug|Any CPU
		{160F560A-0ADE-4CE9-AE59-B0C28CF757BA}.Release|Any CPU.ActiveCfg = Release|Any CPU
		{160F560A-0ADE-4CE9-AE59-B0C28CF757BA}.Release|Any CPU.Build.0 = Release|Any CPU
		{5B1738FD-4D02-42B9-9245-61F979629166}.Debug|Any CPU.ActiveCfg = Debug|Any CPU
		{5B1738FD-4D02-42B9-9245-61F979629166}.Debug|Any CPU.Build.0 = Debug|Any CPU
		{5B1738FD-4D02-42B9-9245-61F979629166}.Release|Any CPU.ActiveCfg = Release|Any CPU
		{5B1738FD-4D02-42B9-9245-61F979629166}.Release|Any CPU.Build.0 = Release|Any CPU
		{68833A93-08E0-4BBC-A039-9A10E1C0939E}.Debug|Any CPU.ActiveCfg = Debug|Any CPU
		{68833A93-08E0-4BBC-A039-9A10E1C0939E}.Debug|Any CPU.Build.0 = Debug|Any CPU
		{68833A93-08E0-4BBC-A039-9A10E1C0939E}.Release|Any CPU.ActiveCfg = Release|Any CPU
		{68833A93-08E0-4BBC-A039-9A10E1C0939E}.Release|Any CPU.Build.0 = Release|Any CPU
		{82867E65-B608-4895-B921-972F894995B3}.Debug|Any CPU.ActiveCfg = Debug|Any CPU
		{82867E65-B608-4895-B921-972F894995B3}.Debug|Any CPU.Build.0 = Debug|Any CPU
		{82867E65-B608-4895-B921-972F894995B3}.Release|Any CPU.ActiveCfg = Release|Any CPU
		{82867E65-B608-4895-B921-972F894995B3}.Release|Any CPU.Build.0 = Release|Any CPU
	EndGlobalSection
	GlobalSection(SolutionProperties) = preSolution
		HideSolutionNode = FALSE
	EndGlobalSection
	GlobalSection(ExtensibilityGlobals) = postSolution
		SolutionGuid = {F2014AB2-AC75-4405-850D-1CB44C6D0F32}
	EndGlobalSection
EndGlobal
